
Microsoft Visual Studio Solution File, Format Version 12.00
# Visual Studio Version 17
VisualStudioVersion = 17.2.32630.192
MinimumVisualStudioVersion = 10.0.40219.1
Project("{FAE04EC0-301F-11D3-BF4B-00C04F79EFBC}") = "NovoMVC", "NovoMVC.csproj", "{FC05F742-C1DE-41B9-A113-4DAF95566262}"
EndProject
Global
	GlobalSection(SolutionConfigurationPlatforms) = preSolution
		Debug|Any CPU = Debug|Any CPU
		Release|Any CPU = Release|Any CPU
	EndGlobalSection
	GlobalSection(ProjectConfigurationPlatforms) = postSolution
		{FC05F742-C1DE-41B9-A113-4DAF95566262}.Debug|Any CPU.ActiveCfg = Debug|Any CPU
		{FC05F742-C1DE-41B9-A113-4DAF95566262}.Debug|Any CPU.Build.0 = Debug|Any CPU
		{FC05F742-C1DE-41B9-A113-4DAF95566262}.Release|Any CPU.ActiveCfg = Release|Any CPU
		{FC05F742-C1DE-41B9-A113-4DAF95566262}.Release|Any CPU.Build.0 = Release|Any CPU
	EndGlobalSection
	GlobalSection(SolutionProperties) = preSolution
		HideSolutionNode = FALSE
	EndGlobalSection
	GlobalSection(ExtensibilityGlobals) = postSolution
		SolutionGuid = {D7FCE439-D41A-432C-8351-E6A94501CCE0}
	EndGlobalSection
EndGlobal
